
Microsoft Visual Studio Solution File, Format Version 12.00
# Visual Studio Version 17
VisualStudioVersion = 17.4.33122.133
MinimumVisualStudioVersion = 10.0.40219.1
Project("{FAE04EC0-301F-11D3-BF4B-00C04F79EFBC}") = "GettingStartedApi", "GettingStartedApi\GettingStartedApi.csproj", "{C328DB6B-6F24-4F95-AE9E-500C1291DA0B}"
EndProject
Global
	GlobalSection(SolutionConfigurationPlatforms) = preSolution
		Debug|Any CPU = Debug|Any CPU
		Release|Any CPU = Release|Any CPU
	EndGlobalSection
	GlobalSection(ProjectConfigurationPlatforms) = postSolution
		{C328DB6B-6F24-4F95-AE9E-500C1291DA0B}.Debug|Any CPU.ActiveCfg = Debug|Any CPU
		{C328DB6B-6F24-4F95-AE9E-500C1291DA0B}.Debug|Any CPU.Build.0 = Debug|Any CPU
		{C328DB6B-6F24-4F95-AE9E-500C1291DA0B}.Release|Any CPU.ActiveCfg = Release|Any CPU
		{C328DB6B-6F24-4F95-AE9E-500C1291DA0B}.Release|Any CPU.Build.0 = Release|Any CPU
	EndGlobalSection
	GlobalSection(SolutionProperties) = preSolution
		HideSolutionNode = FALSE
	EndGlobalSection
	GlobalSection(ExtensibilityGlobals) = postSolution
		SolutionGuid = {B475145D-92BA-4DA5-BDF6-7C6DE0BA1F5D}
	EndGlobalSection
EndGlobal
