
Microsoft Visual Studio Solution File, Format Version 12.00
# Visual Studio Version 17
VisualStudioVersion = 17.4.33122.133
MinimumVisualStudioVersion = 10.0.40219.1
Project("{FAE04EC0-301F-11D3-BF4B-00C04F79EFBC}") = "TodoLibrary", "TodoLibrary\TodoLibrary.csproj", "{7C32E980-698D-4581-9D7E-51475386495D}"
EndProject
Global
	GlobalSection(SolutionConfigurationPlatforms) = preSolution
		Debug|Any CPU = Debug|Any CPU
		Release|Any CPU = Release|Any CPU
	EndGlobalSection
	GlobalSection(ProjectConfigurationPlatforms) = postSolution
		{7C32E980-698D-4581-9D7E-51475386495D}.Debug|Any CPU.ActiveCfg = Debug|Any CPU
		{7C32E980-698D-4581-9D7E-51475386495D}.Debug|Any CPU.Build.0 = Debug|Any CPU
		{7C32E980-698D-4581-9D7E-51475386495D}.Release|Any CPU.ActiveCfg = Release|Any CPU
		{7C32E980-698D-4581-9D7E-51475386495D}.Release|Any CPU.Build.0 = Release|Any CPU
	EndGlobalSection
	GlobalSection(SolutionProperties) = preSolution
		HideSolutionNode = FALSE
	EndGlobalSection
	GlobalSection(ExtensibilityGlobals) = postSolution
		SolutionGuid = {B806F9B1-FD14-47B7-B60D-662558B10311}
	EndGlobalSection
EndGlobal
